
Microsoft Visual Studio Solution File, Format Version 12.00
# Visual Studio Version 16
VisualStudioVersion = 16.0.30523.141
MinimumVisualStudioVersion = 10.0.40219.1
Project("{FAE04EC0-301F-11D3-BF4B-00C04F79EFBC}") = "ScaleModelWpf", "ScaleModelWpf\ScaleModelWpf.csproj", "{6DA42488-56B1-4315-8FC3-4FD100C8D8E9}"
EndProject
Project("{FAE04EC0-301F-11D3-BF4B-00C04F79EFBC}") = "ScaleModelDomain", "ScaleModelDomain\ScaleModelDomain.csproj", "{ABD189D5-DA70-4FE8-808A-EE5E79FA1F42}"
EndProject
Project("{FAE04EC0-301F-11D3-BF4B-00C04F79EFBC}") = "TestConsole", "TestConsole\TestConsole.csproj", "{5C3CAEFD-2F49-44ED-8342-7C89EFDB2C02}"
EndProject
Global
	GlobalSection(SolutionConfigurationPlatforms) = preSolution
		Debug|Any CPU = Debug|Any CPU
		Release|Any CPU = Release|Any CPU
	EndGlobalSection
	GlobalSection(ProjectConfigurationPlatforms) = postSolution
		{6DA42488-56B1-4315-8FC3-4FD100C8D8E9}.Debug|Any CPU.ActiveCfg = Debug|Any CPU
		{6DA42488-56B1-4315-8FC3-4FD100C8D8E9}.Debug|Any CPU.Build.0 = Debug|Any CPU
		{6DA42488-56B1-4315-8FC3-4FD100C8D8E9}.Release|Any CPU.ActiveCfg = Release|Any CPU
		{6DA42488-56B1-4315-8FC3-4FD100C8D8E9}.Release|Any CPU.Build.0 = Release|Any CPU
		{ABD189D5-DA70-4FE8-808A-EE5E79FA1F42}.Debug|Any CPU.ActiveCfg = Debug|Any CPU
		{ABD189D5-DA70-4FE8-808A-EE5E79FA1F42}.Debug|Any CPU.Build.0 = Debug|Any CPU
		{ABD189D5-DA70-4FE8-808A-EE5E79FA1F42}.Release|Any CPU.ActiveCfg = Release|Any CPU
		{ABD189D5-DA70-4FE8-808A-EE5E79FA1F42}.Release|Any CPU.Build.0 = Release|Any CPU
		{5C3CAEFD-2F49-44ED-8342-7C89EFDB2C02}.Debug|Any CPU.ActiveCfg = Debug|Any CPU
		{5C3CAEFD-2F49-44ED-8342-7C89EFDB2C02}.Debug|Any CPU.Build.0 = Debug|Any CPU
		{5C3CAEFD-2F49-44ED-8342-7C89EFDB2C02}.Release|Any CPU.ActiveCfg = Release|Any CPU
		{5C3CAEFD-2F49-44ED-8342-7C89EFDB2C02}.Release|Any CPU.Build.0 = Release|Any CPU
	EndGlobalSection
	GlobalSection(SolutionProperties) = preSolution
		HideSolutionNode = FALSE
	EndGlobalSection
	GlobalSection(ExtensibilityGlobals) = postSolution
		SolutionGuid = {C02C8B93-C8D0-432E-BBBA-51655A881830}
	EndGlobalSection
EndGlobal
